// !$*UTF8*$!
{
	archiveVersion = 1;
	classes = {
	};
	objectVersion = 50;
	objects = {

/* Begin PBXBuildFile section */
		04E8D33E209FBA14008112D6 /* AppDelegate.swift in Sources */ = {isa = PBXBuildFile; fileRef = 04E8D33D209FBA14008112D6 /* AppDelegate.swift */; };
		04E8D340209FBA14008112D6 /* ViewController.swift in Sources */ = {isa = PBXBuildFile; fileRef = 04E8D33F209FBA14008112D6 /* ViewController.swift */; };
		04E8D343209FBA14008112D6 /* Main.storyboard in Resources */ = {isa = PBXBuildFile; fileRef = 04E8D341209FBA14008112D6 /* Main.storyboard */; };
		04E8D345209FBA15008112D6 /* Assets.xcassets in Resources */ = {isa = PBXBuildFile; fileRef = 04E8D344209FBA15008112D6 /* Assets.xcassets */; };
		04E8D348209FBA15008112D6 /* LaunchScreen.storyboard in Resources */ = {isa = PBXBuildFile; fileRef = 04E8D346209FBA15008112D6 /* LaunchScreen.storyboard */; };
		04E8D350209FBB51008112D6 /* TabBarViewController.swift in Sources */ = {isa = PBXBuildFile; fileRef = 04E8D34F209FBB51008112D6 /* TabBarViewController.swift */; };
		04E8D354209FBED3008112D6 /* PlayerViewController.swift in Sources */ = {isa = PBXBuildFile; fileRef = 04E8D353209FBED3008112D6 /* PlayerViewController.swift */; };
		04E8D356209FC067008112D6 /* UIView+Constraints.swift in Sources */ = {isa = PBXBuildFile; fileRef = 04E8D355209FC067008112D6 /* UIView+Constraints.swift */; };
		04E8D358209FD562008112D6 /* VideoLauncher.swift in Sources */ = {isa = PBXBuildFile; fileRef = 04E8D357209FD562008112D6 /* VideoLauncher.swift */; };
		04E8D35A20A018E0008112D6 /* COLWindow.swift in Sources */ = {isa = PBXBuildFile; fileRef = 04E8D35920A018E0008112D6 /* COLWindow.swift */; };
		101770A920A0C8DA002EBB12 /* Notification+Name.swift in Sources */ = {isa = PBXBuildFile; fileRef = 101770A820A0C8DA002EBB12 /* Notification+Name.swift */; };
		10258CFF20A545A90086242D /* PlayerView.swift in Sources */ = {isa = PBXBuildFile; fileRef = 10258CFE20A545A90086242D /* PlayerView.swift */; };
/* End PBXBuildFile section */

/* Begin PBXFileReference section */
		04E8D33A209FBA14008112D6 /* floating player.app */ = {isa = PBXFileReference; explicitFileType = wrapper.application; includeInIndex = 0; path = "floating player.app"; sourceTree = BUILT_PRODUCTS_DIR; };
		04E8D33D209FBA14008112D6 /* AppDelegate.swift */ = {isa = PBXFileReference; lastKnownFileType = sourcecode.swift; path = AppDelegate.swift; sourceTree = "<group>"; };
		04E8D33F209FBA14008112D6 /* ViewController.swift */ = {isa = PBXFileReference; lastKnownFileType = sourcecode.swift; path = ViewController.swift; sourceTree = "<group>"; };
		04E8D342209FBA14008112D6 /* Base */ = {isa = PBXFileReference; lastKnownFileType = file.storyboard; name = Base; path = Base.lproj/Main.storyboard; sourceTree = "<group>"; };
		04E8D344209FBA15008112D6 /* Assets.xcassets */ = {isa = PBXFileReference; lastKnownFileType = folder.assetcatalog; path = Assets.xcassets; sourceTree = "<group>"; };
		04E8D347209FBA15008112D6 /* Base */ = {isa = PBXFileReference; lastKnownFileType = file.storyboard; name = Base; path = Base.lproj/LaunchScreen.storyboard; sourceTree = "<group>"; };
		04E8D349209FBA15008112D6 /* Info.plist */ = {isa = PBXFileReference; lastKnownFileType = text.plist.xml; path = Info.plist; sourceTree = "<group>"; };
		04E8D34F209FBB51008112D6 /* TabBarViewController.swift */ = {isa = PBXFileReference; lastKnownFileType = sourcecode.swift; path = TabBarViewController.swift; sourceTree = "<group>"; };
		04E8D353209FBED3008112D6 /* PlayerViewController.swift */ = {isa = PBXFileReference; lastKnownFileType = sourcecode.swift; path = PlayerViewController.swift; sourceTree = "<group>"; };
		04E8D355209FC067008112D6 /* UIView+Constraints.swift */ = {isa = PBXFileReference; lastKnownFileType = sourcecode.swift; path = "UIView+Constraints.swift"; sourceTree = "<group>"; };
		04E8D357209FD562008112D6 /* VideoLauncher.swift */ = {isa = PBXFileReference; lastKnownFileType = sourcecode.swift; path = VideoLauncher.swift; sourceTree = "<group>"; };
		04E8D35920A018E0008112D6 /* COLWindow.swift */ = {isa = PBXFileReference; lastKnownFileType = sourcecode.swift; path = COLWindow.swift; sourceTree = "<group>"; };
		101770A820A0C8DA002EBB12 /* Notification+Name.swift */ = {isa = PBXFileReference; lastKnownFileType = sourcecode.swift; path = "Notification+Name.swift"; sourceTree = "<group>"; };
		10258CFE20A545A90086242D /* PlayerView.swift */ = {isa = PBXFileReference; lastKnownFileType = sourcecode.swift; path = PlayerView.swift; sourceTree = "<group>"; };
/* End PBXFileReference section */

/* Begin PBXFrameworksBuildPhase section */
		04E8D337209FBA14008112D6 /* Frameworks */ = {
			isa = PBXFrameworksBuildPhase;
			buildActionMask = 2147483647;
			files = (
			);
			runOnlyForDeploymentPostprocessing = 0;
		};
/* End PBXFrameworksBuildPhase section */

/* Begin PBXGroup section */
		04E8D331209FBA14008112D6 = {
			isa = PBXGroup;
			children = (
				04E8D33C209FBA14008112D6 /* floating player */,
				04E8D33B209FBA14008112D6 /* Products */,
			);
			sourceTree = "<group>";
		};
		04E8D33B209FBA14008112D6 /* Products */ = {
			isa = PBXGroup;
			children = (
				04E8D33A209FBA14008112D6 /* floating player.app */,
			);
			name = Products;
			sourceTree = "<group>";
		};
		04E8D33C209FBA14008112D6 /* floating player */ = {
			isa = PBXGroup;
			children = (
				04E8D33D209FBA14008112D6 /* AppDelegate.swift */,
				04E8D33F209FBA14008112D6 /* ViewController.swift */,
				04E8D35920A018E0008112D6 /* COLWindow.swift */,
				101770A820A0C8DA002EBB12 /* Notification+Name.swift */,
				04E8D34F209FBB51008112D6 /* TabBarViewController.swift */,
				04E8D355209FC067008112D6 /* UIView+Constraints.swift */,
				04E8D353209FBED3008112D6 /* PlayerViewController.swift */,
				10258CFE20A545A90086242D /* PlayerView.swift */,
				04E8D357209FD562008112D6 /* VideoLauncher.swift */,
				04E8D341209FBA14008112D6 /* Main.storyboard */,
				04E8D344209FBA15008112D6 /* Assets.xcassets */,
				04E8D346209FBA15008112D6 /* LaunchScreen.storyboard */,
				04E8D349209FBA15008112D6 /* Info.plist */,
			);
			path = "floating player";
			sourceTree = "<group>";
		};
/* End PBXGroup section */

/* Begin PBXNativeTarget section */
		04E8D339209FBA14008112D6 /* floating player */ = {
			isa = PBXNativeTarget;
			buildConfigurationList = 04E8D34C209FBA15008112D6 /* Build configuration list for PBXNativeTarget "floating player" */;
			buildPhases = (
				04E8D336209FBA14008112D6 /* Sources */,
				04E8D337209FBA14008112D6 /* Frameworks */,
				04E8D338209FBA14008112D6 /* Resources */,
			);
			buildRules = (
			);
			dependencies = (
			);
			name = "floating player";
			productName = "floating player";
			productReference = 04E8D33A209FBA14008112D6 /* floating player.app */;
			productType = "com.apple.product-type.application";
		};
/* End PBXNativeTarget section */

/* Begin PBXProject section */
		04E8D332209FBA14008112D6 /* Project object */ = {
			isa = PBXProject;
			attributes = {
				LastSwiftUpdateCheck = 0930;
				LastUpgradeCheck = 0930;
				ORGANIZATIONNAME = "Jitae Kim";
				TargetAttributes = {
					04E8D339209FBA14008112D6 = {
						CreatedOnToolsVersion = 9.3;
					};
				};
			};
			buildConfigurationList = 04E8D335209FBA14008112D6 /* Build configuration list for PBXProject "floating player" */;
			compatibilityVersion = "Xcode 9.3";
			developmentRegion = en;
			hasScannedForEncodings = 0;
			knownRegions = (
				en,
				Base,
			);
			mainGroup = 04E8D331209FBA14008112D6;
			productRefGroup = 04E8D33B209FBA14008112D6 /* Products */;
			projectDirPath = "";
			projectRoot = "";
			targets = (
				04E8D339209FBA14008112D6 /* floating player */,
			);
		};
/* End PBXProject section */

/* Begin PBXResourcesBuildPhase section */
		04E8D338209FBA14008112D6 /* Resources */ = {
			isa = PBXResourcesBuildPhase;
			buildActionMask = 2147483647;
			files = (
				04E8D348209FBA15008112D6 /* LaunchScreen.storyboard in Resources */,
				04E8D345209FBA15008112D6 /* Assets.xcassets in Resources */,
				04E8D343209FBA14008112D6 /* Main.storyboard in Resources */,
			);
			runOnlyForDeploymentPostprocessing = 0;
		};
/* End PBXResourcesBuildPhase section */

/* Begin PBXSourcesBuildPhase section */
		04E8D336209FBA14008112D6 /* Sources */ = {
			isa = PBXSourcesBuildPhase;
			buildActionMask = 2147483647;
			files = (
				10258CFF20A545A90086242D /* PlayerView.swift in Sources */,
				04E8D340209FBA14008112D6 /* ViewController.swift in Sources */,
				04E8D35A20A018E0008112D6 /* COLWindow.swift in Sources */,
				04E8D358209FD562008112D6 /* VideoLauncher.swift in Sources */,
				04E8D354209FBED3008112D6 /* PlayerViewController.swift in Sources */,
				04E8D356209FC067008112D6 /* UIView+Constraints.swift in Sources */,
				101770A920A0C8DA002EBB12 /* Notification+Name.swift in Sources */,
				04E8D350209FBB51008112D6 /* TabBarViewController.swift in Sources */,
				04E8D33E209FBA14008112D6 /* AppDelegate.swift in Sources */,
			);
			runOnlyForDeploymentPostprocessing = 0;
		};
/* End PBXSourcesBuildPhase section */

/* Begin PBXVariantGroup section */
		04E8D341209FBA14008112D6 /* Main.storyboard */ = {
			isa = PBXVariantGroup;
			children = (
				04E8D342209FBA14008112D6 /* Base */,
			);
			name = Main.storyboard;
			sourceTree = "<group>";
		};
		04E8D346209FBA15008112D6 /* LaunchScreen.storyboard */ = {
			isa = PBXVariantGroup;
			children = (
				04E8D347209FBA15008112D6 /* Base */,
			);
			name = LaunchScreen.storyboard;
			sourceTree = "<group>";
		};
/* End PBXVariantGroup section */

/* Begin XCBuildConfiguration section */
		04E8D34A209FBA15008112D6 /* Debug */ = {
			isa = XCBuildConfiguration;
			buildSettings = {
				ALWAYS_SEARCH_USER_PATHS = NO;
				CLANG_ANALYZER_NONNULL = YES;
				CLANG_ANALYZER_NUMBER_OBJECT_CONVERSION = YES_AGGRESSIVE;
				CLANG_CXX_LANGUAGE_STANDARD = "gnu++14";
				CLANG_CXX_LIBRARY = "libc++";
				CLANG_ENABLE_MODULES = YES;
				CLANG_ENABLE_OBJC_ARC = YES;
				CLANG_ENABLE_OBJC_WEAK = YES;
				CLANG_WARN_BLOCK_CAPTURE_AUTORELEASING = YES;
				CLANG_WARN_BOOL_CONVERSION = YES;
				CLANG_WARN_COMMA = YES;
				CLANG_WARN_CONSTANT_CONVERSION = YES;
				CLANG_WARN_DEPRECATED_OBJC_IMPLEMENTATIONS = YES;
				CLANG_WARN_DIRECT_OBJC_ISA_USAGE = YES_ERROR;
				CLANG_WARN_DOCUMENTATION_COMMENTS = YES;
				CLANG_WARN_EMPTY_BODY = YES;
				CLANG_WARN_ENUM_CONVERSION = YES;
				CLANG_WARN_INFINITE_RECURSION = YES;
				CLANG_WARN_INT_CONVERSION = YES;
				CLANG_WARN_NON_LITERAL_NULL_CONVERSION = YES;
				CLANG_WARN_OBJC_IMPLICIT_RETAIN_SELF = YES;
				CLANG_WARN_OBJC_LITERAL_CONVERSION = YES;
				CLANG_WARN_OBJC_ROOT_CLASS = YES_ERROR;
				CLANG_WARN_RANGE_LOOP_ANALYSIS = YES;
				CLANG_WARN_STRICT_PROTOTYPES = YES;
				CLANG_WARN_SUSPICIOUS_MOVE = YES;
				CLANG_WARN_UNGUARDED_AVAILABILITY = YES_AGGRESSIVE;
				CLANG_WARN_UNREACHABLE_CODE = YES;
				CLANG_WARN__DUPLICATE_METHOD_MATCH = YES;
				CODE_SIGN_IDENTITY = "iPhone Developer";
				COPY_PHASE_STRIP = NO;
				DEBUG_INFORMATION_FORMAT = dwarf;
				ENABLE_STRICT_OBJC_MSGSEND = YES;
				ENABLE_TESTABILITY = YES;
				GCC_C_LANGUAGE_STANDARD = gnu11;
				GCC_DYNAMIC_NO_PIC = NO;
				GCC_NO_COMMON_BLOCKS = YES;
				GCC_OPTIMIZATION_LEVEL = 0;
				GCC_PREPROCESSOR_DEFINITIONS = (
					"DEBUG=1",
					"$(inherited)",
				);
				GCC_WARN_64_TO_32_BIT_CONVERSION = YES;
				GCC_WARN_ABOUT_RETURN_TYPE = YES_ERROR;
				GCC_WARN_UNDECLARED_SELECTOR = YES;
				GCC_WARN_UNINITIALIZED_AUTOS = YES_AGGRESSIVE;
				GCC_WARN_UNUSED_FUNCTION = YES;
				GCC_WARN_UNUSED_VARIABLE = YES;
				IPHONEOS_DEPLOYMENT_TARGET = 11.3;
				MTL_ENABLE_DEBUG_INFO = YES;
				ONLY_ACTIVE_ARCH = YES;
				SDKROOT = iphoneos;
				SWIFT_ACTIVE_COMPILATION_CONDITIONS = DEBUG;
				SWIFT_OPTIMIZATION_LEVEL = "-Onone";
			};
			name = Debug;
		};
		04E8D34B209FBA15008112D6 /* Release */ = {
			isa = XCBuildConfiguration;
			buildSettings = {
				ALWAYS_SEARCH_USER_PATHS = NO;
				CLANG_ANALYZER_NONNULL = YES;
				CLANG_ANALYZER_NUMBER_OBJECT_CONVERSION = YES_AGGRESSIVE;
				CLANG_CXX_LANGUAGE_STANDARD = "gnu++14";
				CLANG_CXX_LIBRARY = "libc++";
				CLANG_ENABLE_MODULES = YES;
				CLANG_ENABLE_OBJC_ARC = YES;
				CLANG_ENABLE_OBJC_WEAK = YES;
				CLANG_WARN_BLOCK_CAPTURE_AUTORELEASING = YES;
				CLANG_WARN_BOOL_CONVERSION = YES;
				CLANG_WARN_COMMA = YES;
				CLANG_WARN_CONSTANT_CONVERSION = YES;
				CLANG_WARN_DEPRECATED_OBJC_IMPLEMENTATIONS = YES;
				CLANG_WARN_DIRECT_OBJC_ISA_USAGE = YES_ERROR;
				CLANG_WARN_DOCUMENTATION_COMMENTS = YES;
				CLANG_WARN_EMPTY_BODY = YES;
				CLANG_WARN_ENUM_CONVERSION = YES;
				CLANG_WARN_INFINITE_RECURSION = YES;
				CLANG_WARN_INT_CONVERSION = YES;
				CLANG_WARN_NON_LITERAL_NULL_CONVERSION = YES;
				CLANG_WARN_OBJC_IMPLICIT_RETAIN_SELF = YES;
				CLANG_WARN_OBJC_LITERAL_CONVERSION = YES;
				CLANG_WARN_OBJC_ROOT_CLASS = YES_ERROR;
				CLANG_WARN_RANGE_LOOP_ANALYSIS = YES;
				CLANG_WARN_STRICT_PROTOTYPES = YES;
				CLANG_WARN_SUSPICIOUS_MOVE = YES;
				CLANG_WARN_UNGUARDED_AVAILABILITY = YES_AGGRESSIVE;
				CLANG_WARN_UNREACHABLE_CODE = YES;
				CLANG_WARN__DUPLICATE_METHOD_MATCH = YES;
				CODE_SIGN_IDENTITY = "iPhone Developer";
				COPY_PHASE_STRIP = NO;
				DEBUG_INFORMATION_FORMAT = "dwarf-with-dsym";
				ENABLE_NS_ASSERTIONS = NO;
				ENABLE_STRICT_OBJC_MSGSEND = YES;
				GCC_C_LANGUAGE_STANDARD = gnu11;
				GCC_NO_COMMON_BLOCKS = YES;
				GCC_WARN_64_TO_32_BIT_CONVERSION = YES;
				GCC_WARN_ABOUT_RETURN_TYPE = YES_ERROR;
				GCC_WARN_UNDECLARED_SELECTOR = YES;
				GCC_WARN_UNINITIALIZED_AUTOS = YES_AGGRESSIVE;
				GCC_WARN_UNUSED_FUNCTION = YES;
				GCC_WARN_UNUSED_VARIABLE = YES;
				IPHONEOS_DEPLOYMENT_TARGET = 11.3;
				MTL_ENABLE_DEBUG_INFO = NO;
				SDKROOT = iphoneos;
				SWIFT_COMPILATION_MODE = wholemodule;
				SWIFT_OPTIMIZATION_LEVEL = "-O";
				VALIDATE_PRODUCT = YES;
			};
			name = Release;
		};
		04E8D34D209FBA15008112D6 /* Debug */ = {
			isa = XCBuildConfiguration;
			buildSettings = {
				ASSETCATALOG_COMPILER_APPICON_NAME = AppIcon;
				CODE_SIGN_STYLE = Automatic;
				DEVELOPMENT_TEAM = 3NP653TDUD;
				INFOPLIST_FILE = "floating player/Info.plist";
				LD_RUNPATH_SEARCH_PATHS = (
					"$(inherited)",
					"@executable_path/Frameworks",
				);
				PRODUCT_BUNDLE_IDENTIFIER = "testnav.floating-player";
				PRODUCT_NAME = "$(TARGET_NAME)";
				SWIFT_VERSION = 4.0;
				TARGETED_DEVICE_FAMILY = "1,2";
			};
			name = Debug;
		};
		04E8D34E209FBA15008112D6 /* Release */ = {
			isa = XCBuildConfiguration;
			buildSettings = {
				ASSETCATALOG_COMPILER_APPICON_NAME = AppIcon;
				CODE_SIGN_STYLE = Automatic;
				DEVELOPMENT_TEAM = 3NP653TDUD;
				INFOPLIST_FILE = "floating player/Info.plist";
				LD_RUNPATH_SEARCH_PATHS = (
					"$(inherited)",
					"@executable_path/Frameworks",
				);
				PRODUCT_BUNDLE_IDENTIFIER = "testnav.floating-player";
				PRODUCT_NAME = "$(TARGET_NAME)";
				SWIFT_VERSION = 4.0;
				TARGETED_DEVICE_FAMILY = "1,2";
			};
			name = Release;
		};
/* End XCBuildConfiguration section */

/* Begin XCConfigurationList section */
		04E8D335209FBA14008112D6 /* Build configuration list for PBXProject "floating player" */ = {
			isa = XCConfigurationList;
			buildConfigurations = (
				04E8D34A209FBA15008112D6 /* Debug */,
				04E8D34B209FBA15008112D6 /* Release */,
			);
			defaultConfigurationIsVisible = 0;
			defaultConfigurationName = Release;
		};
		04E8D34C209FBA15008112D6 /* Build configuration list for PBXNativeTarget "floating player" */ = {
			isa = XCConfigurationList;
			buildConfigurations = (
				04E8D34D209FBA15008112D6 /* Debug */,
				04E8D34E209FBA15008112D6 /* Release */,
			);
			defaultConfigurationIsVisible = 0;
			defaultConfigurationName = Release;
		};
/* End XCConfigurationList section */
	};
	rootObject = 04E8D332209FBA14008112D6 /* Project object */;
}
